
Microsoft Visual Studio Solution File, Format Version 12.00
# Visual Studio Version 16
VisualStudioVersion = 16.0.29926.136
MinimumVisualStudioVersion = 10.0.40219.1
Project("{9A19103F-16F7-4668-BE54-9A1E7A4F7556}") = "Injecter", "Injecter\Injecter.csproj", "{190AC5B7-259F-4D42-ADCB-C490486EA1B6}"
EndProject
Project("{2150E333-8FDC-42A3-9474-1A3956D46DE8}") = "Solution Items", "Solution Items", "{A6121CE2-43D9-414C-A432-C6313F951EBC}"
	ProjectSection(SolutionItems) = preProject
		.editorconfig = .editorconfig
	EndProjectSection
EndProject
Project("{FAE04EC0-301F-11D3-BF4B-00C04F79EFBC}") = "Injecter.Avalonia", "Injecter.Avalonia\Injecter.Avalonia.csproj", "{3EDE5123-5DE8-4761-A29A-42EA2879465C}"
EndProject
Global
	GlobalSection(SolutionConfigurationPlatforms) = preSolution
		Debug|Any CPU = Debug|Any CPU
		Release|Any CPU = Release|Any CPU
	EndGlobalSection
	GlobalSection(ProjectConfigurationPlatforms) = postSolution
		{190AC5B7-259F-4D42-ADCB-C490486EA1B6}.Debug|Any CPU.ActiveCfg = Debug|Any CPU
		{190AC5B7-259F-4D42-ADCB-C490486EA1B6}.Debug|Any CPU.Build.0 = Debug|Any CPU
		{190AC5B7-259F-4D42-ADCB-C490486EA1B6}.Release|Any CPU.ActiveCfg = Release|Any CPU
		{190AC5B7-259F-4D42-ADCB-C490486EA1B6}.Release|Any CPU.Build.0 = Release|Any CPU
		{3EDE5123-5DE8-4761-A29A-42EA2879465C}.Debug|Any CPU.ActiveCfg = Debug|Any CPU
		{3EDE5123-5DE8-4761-A29A-42EA2879465C}.Debug|Any CPU.Build.0 = Debug|Any CPU
		{3EDE5123-5DE8-4761-A29A-42EA2879465C}.Release|Any CPU.ActiveCfg = Release|Any CPU
		{3EDE5123-5DE8-4761-A29A-42EA2879465C}.Release|Any CPU.Build.0 = Release|Any CPU
	EndGlobalSection
	GlobalSection(SolutionProperties) = preSolution
		HideSolutionNode = FALSE
	EndGlobalSection
	GlobalSection(ExtensibilityGlobals) = postSolution
		SolutionGuid = {3F7ABD13-07BD-408C-8057-92D72C037CBA}
	EndGlobalSection
EndGlobal
