Microsoft Visual Studio Solution File, Format Version 12.00
# Visual Studio Version 16
VisualStudioVersion = 16.0.29926.136
MinimumVisualStudioVersion = 10.0.40219.1
Project("{9A19103F-16F7-4668-BE54-9A1E7A4F7556}") = "Injecter", "Injecter\Injecter.csproj", "{E2515D84-5669-48D9-956D-F14E2072CB32}"
EndProject
Project("{2150E333-8FDC-42A3-9474-1A3956D46DE8}") = "Solution Items", "Solution Items", "{A6121CE2-43D9-414C-A432-C6313F951EBC}"
	ProjectSection(SolutionItems) = preProject
		.editorconfig = .editorconfig
	EndProjectSection
EndProject
Project("{9A19103F-16F7-4668-BE54-9A1E7A4F7556}") = "Injecter.Avalonia", "Injecter.Avalonia\Injecter.Avalonia.csproj", "{3EDE5123-5DE8-4761-A29A-42EA2879465C}"
EndProject
Project("{9A19103F-16F7-4668-BE54-9A1E7A4F7556}") = "Injecter.Wpf", "Injecter.Wpf\Injecter.Wpf.csproj", "{67598E4A-7382-4F55-9792-49524891262F}"
EndProject
Project("{9A19103F-16F7-4668-BE54-9A1E7A4F7556}") = "Injecter.Xamarin.Forms", "Injecter.Xamarin.Forms\Injecter.Xamarin.Forms.csproj", "{E5C76E61-C25B-4711-AAF4-45C1D6871C30}"
EndProject
Project("{FAE04EC0-301F-11D3-BF4B-00C04F79EFBC}") = "Injecter.Uwp", "Injecter.Uwp\Injecter.Uwp.csproj", "{7ABC2A1E-6606-4F62-A325-C2D70A30F373}"
EndProject
Project("{FAE04EC0-301F-11D3-BF4B-00C04F79EFBC}") = "Injecter.UwpExample", "Injecter.UwpExample\Injecter.UwpExample.csproj", "{66AB168B-BC02-419A-ADED-CC2F13E0492B}"
EndProject
Project("{9A19103F-16F7-4668-BE54-9A1E7A4F7556}") = "Injecter.Tests", "Injecter.Tests\Injecter.Tests.csproj", "{C1A3F4C8-813C-4A7B-B1CF-9AA473A7E1B0}"
EndProject
Project("{9A19103F-16F7-4668-BE54-9A1E7A4F7556}") = "Injecter.Unity.Dependencies", "Injecter.Unity.Dependencies\Injecter.Unity.Dependencies.csproj", "{D7AAB9B4-0E9B-4000-A093-4CA1F0EB436E}"
EndProject
Project("{FAE04EC0-301F-11D3-BF4B-00C04F79EFBC}") = "Injecter.FastMediatR", "Injecter.FastMediatR\Injecter.FastMediatR.csproj", "{1ACCF2A1-D7A9-4AA2-B659-169B8191A0DF}"
EndProject
Global
	GlobalSection(SolutionConfigurationPlatforms) = preSolution
		Debug|Any CPU = Debug|Any CPU
		Debug|ARM = Debug|ARM
		Debug|ARM64 = Debug|ARM64
		Debug|x64 = Debug|x64
		Debug|x86 = Debug|x86
		Release|Any CPU = Release|Any CPU
		Release|ARM = Release|ARM
		Release|ARM64 = Release|ARM64
		Release|x64 = Release|x64
		Release|x86 = Release|x86
	EndGlobalSection
	GlobalSection(ProjectConfigurationPlatforms) = postSolution
		{E2515D84-5669-48D9-956D-F14E2072CB32}.Debug|Any CPU.ActiveCfg = Debug|Any CPU
		{E2515D84-5669-48D9-956D-F14E2072CB32}.Debug|Any CPU.Build.0 = Debug|Any CPU
		{E2515D84-5669-48D9-956D-F14E2072CB32}.Debug|ARM.ActiveCfg = Debug|Any CPU
		{E2515D84-5669-48D9-956D-F14E2072CB32}.Debug|ARM.Build.0 = Debug|Any CPU
		{E2515D84-5669-48D9-956D-F14E2072CB32}.Debug|ARM64.ActiveCfg = Debug|Any CPU
		{E2515D84-5669-48D9-956D-F14E2072CB32}.Debug|ARM64.Build.0 = Debug|Any CPU
		{E2515D84-5669-48D9-956D-F14E2072CB32}.Debug|x64.ActiveCfg = Debug|Any CPU
		{E2515D84-5669-48D9-956D-F14E2072CB32}.Debug|x64.Build.0 = Debug|Any CPU
		{E2515D84-5669-48D9-956D-F14E2072CB32}.Debug|x86.ActiveCfg = Debug|Any CPU
		{E2515D84-5669-48D9-956D-F14E2072CB32}.Debug|x86.Build.0 = Debug|Any CPU
		{E2515D84-5669-48D9-956D-F14E2072CB32}.Release|Any CPU.ActiveCfg = Release|Any CPU
		{E2515D84-5669-48D9-956D-F14E2072CB32}.Release|Any CPU.Build.0 = Release|Any CPU
		{E2515D84-5669-48D9-956D-F14E2072CB32}.Release|ARM.ActiveCfg = Release|Any CPU
		{E2515D84-5669-48D9-956D-F14E2072CB32}.Release|ARM.Build.0 = Release|Any CPU
		{E2515D84-5669-48D9-956D-F14E2072CB32}.Release|ARM64.ActiveCfg = Release|Any CPU
		{E2515D84-5669-48D9-956D-F14E2072CB32}.Release|ARM64.Build.0 = Release|Any CPU
		{E2515D84-5669-48D9-956D-F14E2072CB32}.Release|x64.ActiveCfg = Release|Any CPU
		{E2515D84-5669-48D9-956D-F14E2072CB32}.Release|x64.Build.0 = Release|Any CPU
		{E2515D84-5669-48D9-956D-F14E2072CB32}.Release|x86.ActiveCfg = Release|Any CPU
		{E2515D84-5669-48D9-956D-F14E2072CB32}.Release|x86.Build.0 = Release|Any CPU
		{3EDE5123-5DE8-4761-A29A-42EA2879465C}.Debug|Any CPU.ActiveCfg = Debug|Any CPU
		{3EDE5123-5DE8-4761-A29A-42EA2879465C}.Debug|Any CPU.Build.0 = Debug|Any CPU
		{3EDE5123-5DE8-4761-A29A-42EA2879465C}.Debug|ARM.ActiveCfg = Debug|Any CPU
		{3EDE5123-5DE8-4761-A29A-42EA2879465C}.Debug|ARM.Build.0 = Debug|Any CPU
		{3EDE5123-5DE8-4761-A29A-42EA2879465C}.Debug|ARM64.ActiveCfg = Debug|Any CPU
		{3EDE5123-5DE8-4761-A29A-42EA2879465C}.Debug|ARM64.Build.0 = Debug|Any CPU
		{3EDE5123-5DE8-4761-A29A-42EA2879465C}.Debug|x64.ActiveCfg = Debug|Any CPU
		{3EDE5123-5DE8-4761-A29A-42EA2879465C}.Debug|x64.Build.0 = Debug|Any CPU
		{3EDE5123-5DE8-4761-A29A-42EA2879465C}.Debug|x86.ActiveCfg = Debug|Any CPU
		{3EDE5123-5DE8-4761-A29A-42EA2879465C}.Debug|x86.Build.0 = Debug|Any CPU
		{3EDE5123-5DE8-4761-A29A-42EA2879465C}.Release|Any CPU.ActiveCfg = Release|Any CPU
		{3EDE5123-5DE8-4761-A29A-42EA2879465C}.Release|Any CPU.Build.0 = Release|Any CPU
		{3EDE5123-5DE8-4761-A29A-42EA2879465C}.Release|ARM.ActiveCfg = Release|Any CPU
		{3EDE5123-5DE8-4761-A29A-42EA2879465C}.Release|ARM.Build.0 = Release|Any CPU
		{3EDE5123-5DE8-4761-A29A-42EA2879465C}.Release|ARM64.ActiveCfg = Release|Any CPU
		{3EDE5123-5DE8-4761-A29A-42EA2879465C}.Release|ARM64.Build.0 = Release|Any CPU
		{3EDE5123-5DE8-4761-A29A-42EA2879465C}.Release|x64.ActiveCfg = Release|Any CPU
		{3EDE5123-5DE8-4761-A29A-42EA2879465C}.Release|x64.Build.0 = Release|Any CPU
		{3EDE5123-5DE8-4761-A29A-42EA2879465C}.Release|x86.ActiveCfg = Release|Any CPU
		{3EDE5123-5DE8-4761-A29A-42EA2879465C}.Release|x86.Build.0 = Release|Any CPU
		{67598E4A-7382-4F55-9792-49524891262F}.Debug|Any CPU.ActiveCfg = Debug|Any CPU
		{67598E4A-7382-4F55-9792-49524891262F}.Debug|Any CPU.Build.0 = Debug|Any CPU
		{67598E4A-7382-4F55-9792-49524891262F}.Debug|ARM.ActiveCfg = Debug|Any CPU
		{67598E4A-7382-4F55-9792-49524891262F}.Debug|ARM.Build.0 = Debug|Any CPU
		{67598E4A-7382-4F55-9792-49524891262F}.Debug|ARM64.ActiveCfg = Debug|Any CPU
		{67598E4A-7382-4F55-9792-49524891262F}.Debug|ARM64.Build.0 = Debug|Any CPU
		{67598E4A-7382-4F55-9792-49524891262F}.Debug|x64.ActiveCfg = Debug|Any CPU
		{67598E4A-7382-4F55-9792-49524891262F}.Debug|x64.Build.0 = Debug|Any CPU
		{67598E4A-7382-4F55-9792-49524891262F}.Debug|x86.ActiveCfg = Debug|Any CPU
		{67598E4A-7382-4F55-9792-49524891262F}.Debug|x86.Build.0 = Debug|Any CPU
		{67598E4A-7382-4F55-9792-49524891262F}.Release|Any CPU.ActiveCfg = Release|Any CPU
		{67598E4A-7382-4F55-9792-49524891262F}.Release|Any CPU.Build.0 = Release|Any CPU
		{67598E4A-7382-4F55-9792-49524891262F}.Release|ARM.ActiveCfg = Release|Any CPU
		{67598E4A-7382-4F55-9792-49524891262F}.Release|ARM.Build.0 = Release|Any CPU
		{67598E4A-7382-4F55-9792-49524891262F}.Release|ARM64.ActiveCfg = Release|Any CPU
		{67598E4A-7382-4F55-9792-49524891262F}.Release|ARM64.Build.0 = Release|Any CPU
		{67598E4A-7382-4F55-9792-49524891262F}.Release|x64.ActiveCfg = Release|Any CPU
		{67598E4A-7382-4F55-9792-49524891262F}.Release|x64.Build.0 = Release|Any CPU
		{67598E4A-7382-4F55-9792-49524891262F}.Release|x86.ActiveCfg = Release|Any CPU
		{67598E4A-7382-4F55-9792-49524891262F}.Release|x86.Build.0 = Release|Any CPU
		{E5C76E61-C25B-4711-AAF4-45C1D6871C30}.Debug|Any CPU.ActiveCfg = Debug|Any CPU
		{E5C76E61-C25B-4711-AAF4-45C1D6871C30}.Debug|Any CPU.Build.0 = Debug|Any CPU
		{E5C76E61-C25B-4711-AAF4-45C1D6871C30}.Debug|ARM.ActiveCfg = Debug|Any CPU
		{E5C76E61-C25B-4711-AAF4-45C1D6871C30}.Debug|ARM.Build.0 = Debug|Any CPU
		{E5C76E61-C25B-4711-AAF4-45C1D6871C30}.Debug|ARM64.ActiveCfg = Debug|Any CPU
		{E5C76E61-C25B-4711-AAF4-45C1D6871C30}.Debug|ARM64.Build.0 = Debug|Any CPU
		{E5C76E61-C25B-4711-AAF4-45C1D6871C30}.Debug|x64.ActiveCfg = Debug|Any CPU
		{E5C76E61-C25B-4711-AAF4-45C1D6871C30}.Debug|x64.Build.0 = Debug|Any CPU
		{E5C76E61-C25B-4711-AAF4-45C1D6871C30}.Debug|x86.ActiveCfg = Debug|Any CPU
		{E5C76E61-C25B-4711-AAF4-45C1D6871C30}.Debug|x86.Build.0 = Debug|Any CPU
		{E5C76E61-C25B-4711-AAF4-45C1D6871C30}.Release|Any CPU.ActiveCfg = Release|Any CPU
		{E5C76E61-C25B-4711-AAF4-45C1D6871C30}.Release|Any CPU.Build.0 = Release|Any CPU
		{E5C76E61-C25B-4711-AAF4-45C1D6871C30}.Release|ARM.ActiveCfg = Release|Any CPU
		{E5C76E61-C25B-4711-AAF4-45C1D6871C30}.Release|ARM.Build.0 = Release|Any CPU
		{E5C76E61-C25B-4711-AAF4-45C1D6871C30}.Release|ARM64.ActiveCfg = Release|Any CPU
		{E5C76E61-C25B-4711-AAF4-45C1D6871C30}.Release|ARM64.Build.0 = Release|Any CPU
		{E5C76E61-C25B-4711-AAF4-45C1D6871C30}.Release|x64.ActiveCfg = Release|Any CPU
		{E5C76E61-C25B-4711-AAF4-45C1D6871C30}.Release|x64.Build.0 = Release|Any CPU
		{E5C76E61-C25B-4711-AAF4-45C1D6871C30}.Release|x86.ActiveCfg = Release|Any CPU
		{E5C76E61-C25B-4711-AAF4-45C1D6871C30}.Release|x86.Build.0 = Release|Any CPU
		{7ABC2A1E-6606-4F62-A325-C2D70A30F373}.Debug|Any CPU.ActiveCfg = Debug|Any CPU
		{7ABC2A1E-6606-4F62-A325-C2D70A30F373}.Debug|Any CPU.Build.0 = Debug|Any CPU
		{7ABC2A1E-6606-4F62-A325-C2D70A30F373}.Debug|ARM.ActiveCfg = Debug|ARM
		{7ABC2A1E-6606-4F62-A325-C2D70A30F373}.Debug|ARM.Build.0 = Debug|ARM
		{7ABC2A1E-6606-4F62-A325-C2D70A30F373}.Debug|ARM64.ActiveCfg = Debug|ARM64
		{7ABC2A1E-6606-4F62-A325-C2D70A30F373}.Debug|ARM64.Build.0 = Debug|ARM64
		{7ABC2A1E-6606-4F62-A325-C2D70A30F373}.Debug|x64.ActiveCfg = Debug|x64
		{7ABC2A1E-6606-4F62-A325-C2D70A30F373}.Debug|x64.Build.0 = Debug|x64
		{7ABC2A1E-6606-4F62-A325-C2D70A30F373}.Debug|x86.ActiveCfg = Debug|x86
		{7ABC2A1E-6606-4F62-A325-C2D70A30F373}.Debug|x86.Build.0 = Debug|x86
		{7ABC2A1E-6606-4F62-A325-C2D70A30F373}.Release|Any CPU.ActiveCfg = Release|Any CPU
		{7ABC2A1E-6606-4F62-A325-C2D70A30F373}.Release|Any CPU.Build.0 = Release|Any CPU
		{7ABC2A1E-6606-4F62-A325-C2D70A30F373}.Release|ARM.ActiveCfg = Release|ARM
		{7ABC2A1E-6606-4F62-A325-C2D70A30F373}.Release|ARM.Build.0 = Release|ARM
		{7ABC2A1E-6606-4F62-A325-C2D70A30F373}.Release|ARM64.ActiveCfg = Release|ARM64
		{7ABC2A1E-6606-4F62-A325-C2D70A30F373}.Release|ARM64.Build.0 = Release|ARM64
		{7ABC2A1E-6606-4F62-A325-C2D70A30F373}.Release|x64.ActiveCfg = Release|x64
		{7ABC2A1E-6606-4F62-A325-C2D70A30F373}.Release|x64.Build.0 = Release|x64
		{7ABC2A1E-6606-4F62-A325-C2D70A30F373}.Release|x86.ActiveCfg = Release|x86
		{7ABC2A1E-6606-4F62-A325-C2D70A30F373}.Release|x86.Build.0 = Release|x86
		{66AB168B-BC02-419A-ADED-CC2F13E0492B}.Debug|Any CPU.ActiveCfg = Debug|x86
		{66AB168B-BC02-419A-ADED-CC2F13E0492B}.Debug|ARM.ActiveCfg = Debug|ARM
		{66AB168B-BC02-419A-ADED-CC2F13E0492B}.Debug|ARM.Build.0 = Debug|ARM
		{66AB168B-BC02-419A-ADED-CC2F13E0492B}.Debug|ARM.Deploy.0 = Debug|ARM
		{66AB168B-BC02-419A-ADED-CC2F13E0492B}.Debug|ARM64.ActiveCfg = Debug|ARM64
		{66AB168B-BC02-419A-ADED-CC2F13E0492B}.Debug|ARM64.Build.0 = Debug|ARM64
		{66AB168B-BC02-419A-ADED-CC2F13E0492B}.Debug|ARM64.Deploy.0 = Debug|ARM64
		{66AB168B-BC02-419A-ADED-CC2F13E0492B}.Debug|x64.ActiveCfg = Debug|x64
		{66AB168B-BC02-419A-ADED-CC2F13E0492B}.Debug|x64.Build.0 = Debug|x64
		{66AB168B-BC02-419A-ADED-CC2F13E0492B}.Debug|x64.Deploy.0 = Debug|x64
		{66AB168B-BC02-419A-ADED-CC2F13E0492B}.Debug|x86.ActiveCfg = Debug|x86
		{66AB168B-BC02-419A-ADED-CC2F13E0492B}.Debug|x86.Build.0 = Debug|x86
		{66AB168B-BC02-419A-ADED-CC2F13E0492B}.Debug|x86.Deploy.0 = Debug|x86
		{66AB168B-BC02-419A-ADED-CC2F13E0492B}.Release|Any CPU.ActiveCfg = Release|x86
		{66AB168B-BC02-419A-ADED-CC2F13E0492B}.Release|ARM.ActiveCfg = Release|ARM
		{66AB168B-BC02-419A-ADED-CC2F13E0492B}.Release|ARM.Build.0 = Release|ARM
		{66AB168B-BC02-419A-ADED-CC2F13E0492B}.Release|ARM.Deploy.0 = Release|ARM
		{66AB168B-BC02-419A-ADED-CC2F13E0492B}.Release|ARM64.ActiveCfg = Release|ARM64
		{66AB168B-BC02-419A-ADED-CC2F13E0492B}.Release|ARM64.Build.0 = Release|ARM64
		{66AB168B-BC02-419A-ADED-CC2F13E0492B}.Release|ARM64.Deploy.0 = Release|ARM64
		{66AB168B-BC02-419A-ADED-CC2F13E0492B}.Release|x64.ActiveCfg = Release|x64
		{66AB168B-BC02-419A-ADED-CC2F13E0492B}.Release|x64.Build.0 = Release|x64
		{66AB168B-BC02-419A-ADED-CC2F13E0492B}.Release|x64.Deploy.0 = Release|x64
		{66AB168B-BC02-419A-ADED-CC2F13E0492B}.Release|x86.ActiveCfg = Release|x86
		{66AB168B-BC02-419A-ADED-CC2F13E0492B}.Release|x86.Build.0 = Release|x86
		{66AB168B-BC02-419A-ADED-CC2F13E0492B}.Release|x86.Deploy.0 = Release|x86
		{C1A3F4C8-813C-4A7B-B1CF-9AA473A7E1B0}.Debug|Any CPU.ActiveCfg = Debug|Any CPU
		{C1A3F4C8-813C-4A7B-B1CF-9AA473A7E1B0}.Debug|Any CPU.Build.0 = Debug|Any CPU
		{C1A3F4C8-813C-4A7B-B1CF-9AA473A7E1B0}.Debug|ARM.ActiveCfg = Debug|Any CPU
		{C1A3F4C8-813C-4A7B-B1CF-9AA473A7E1B0}.Debug|ARM.Build.0 = Debug|Any CPU
		{C1A3F4C8-813C-4A7B-B1CF-9AA473A7E1B0}.Debug|ARM64.ActiveCfg = Debug|Any CPU
		{C1A3F4C8-813C-4A7B-B1CF-9AA473A7E1B0}.Debug|ARM64.Build.0 = Debug|Any CPU
		{C1A3F4C8-813C-4A7B-B1CF-9AA473A7E1B0}.Debug|x64.ActiveCfg = Debug|Any CPU
		{C1A3F4C8-813C-4A7B-B1CF-9AA473A7E1B0}.Debug|x64.Build.0 = Debug|Any CPU
		{C1A3F4C8-813C-4A7B-B1CF-9AA473A7E1B0}.Debug|x86.ActiveCfg = Debug|Any CPU
		{C1A3F4C8-813C-4A7B-B1CF-9AA473A7E1B0}.Debug|x86.Build.0 = Debug|Any CPU
		{C1A3F4C8-813C-4A7B-B1CF-9AA473A7E1B0}.Release|Any CPU.ActiveCfg = Release|Any CPU
		{C1A3F4C8-813C-4A7B-B1CF-9AA473A7E1B0}.Release|Any CPU.Build.0 = Release|Any CPU
		{C1A3F4C8-813C-4A7B-B1CF-9AA473A7E1B0}.Release|ARM.ActiveCfg = Release|Any CPU
		{C1A3F4C8-813C-4A7B-B1CF-9AA473A7E1B0}.Release|ARM.Build.0 = Release|Any CPU
		{C1A3F4C8-813C-4A7B-B1CF-9AA473A7E1B0}.Release|ARM64.ActiveCfg = Release|Any CPU
		{C1A3F4C8-813C-4A7B-B1CF-9AA473A7E1B0}.Release|ARM64.Build.0 = Release|Any CPU
		{C1A3F4C8-813C-4A7B-B1CF-9AA473A7E1B0}.Release|x64.ActiveCfg = Release|Any CPU
		{C1A3F4C8-813C-4A7B-B1CF-9AA473A7E1B0}.Release|x64.Build.0 = Release|Any CPU
		{C1A3F4C8-813C-4A7B-B1CF-9AA473A7E1B0}.Release|x86.ActiveCfg = Release|Any CPU
		{C1A3F4C8-813C-4A7B-B1CF-9AA473A7E1B0}.Release|x86.Build.0 = Release|Any CPU
		{D7AAB9B4-0E9B-4000-A093-4CA1F0EB436E}.Debug|Any CPU.ActiveCfg = Debug|Any CPU
		{D7AAB9B4-0E9B-4000-A093-4CA1F0EB436E}.Debug|Any CPU.Build.0 = Debug|Any CPU
		{D7AAB9B4-0E9B-4000-A093-4CA1F0EB436E}.Debug|ARM.ActiveCfg = Debug|Any CPU
		{D7AAB9B4-0E9B-4000-A093-4CA1F0EB436E}.Debug|ARM.Build.0 = Debug|Any CPU
		{D7AAB9B4-0E9B-4000-A093-4CA1F0EB436E}.Debug|ARM64.ActiveCfg = Debug|Any CPU
		{D7AAB9B4-0E9B-4000-A093-4CA1F0EB436E}.Debug|ARM64.Build.0 = Debug|Any CPU
		{D7AAB9B4-0E9B-4000-A093-4CA1F0EB436E}.Debug|x64.ActiveCfg = Debug|Any CPU
		{D7AAB9B4-0E9B-4000-A093-4CA1F0EB436E}.Debug|x64.Build.0 = Debug|Any CPU
		{D7AAB9B4-0E9B-4000-A093-4CA1F0EB436E}.Debug|x86.ActiveCfg = Debug|Any CPU
		{D7AAB9B4-0E9B-4000-A093-4CA1F0EB436E}.Debug|x86.Build.0 = Debug|Any CPU
		{D7AAB9B4-0E9B-4000-A093-4CA1F0EB436E}.Release|Any CPU.ActiveCfg = Release|Any CPU
		{D7AAB9B4-0E9B-4000-A093-4CA1F0EB436E}.Release|Any CPU.Build.0 = Release|Any CPU
		{D7AAB9B4-0E9B-4000-A093-4CA1F0EB436E}.Release|ARM.ActiveCfg = Release|Any CPU
		{D7AAB9B4-0E9B-4000-A093-4CA1F0EB436E}.Release|ARM.Build.0 = Release|Any CPU
		{D7AAB9B4-0E9B-4000-A093-4CA1F0EB436E}.Release|ARM64.ActiveCfg = Release|Any CPU
		{D7AAB9B4-0E9B-4000-A093-4CA1F0EB436E}.Release|ARM64.Build.0 = Release|Any CPU
		{D7AAB9B4-0E9B-4000-A093-4CA1F0EB436E}.Release|x64.ActiveCfg = Release|Any CPU
		{D7AAB9B4-0E9B-4000-A093-4CA1F0EB436E}.Release|x64.Build.0 = Release|Any CPU
		{D7AAB9B4-0E9B-4000-A093-4CA1F0EB436E}.Release|x86.ActiveCfg = Release|Any CPU
		{D7AAB9B4-0E9B-4000-A093-4CA1F0EB436E}.Release|x86.Build.0 = Release|Any CPU
		{1ACCF2A1-D7A9-4AA2-B659-169B8191A0DF}.Debug|Any CPU.ActiveCfg = Debug|Any CPU
		{1ACCF2A1-D7A9-4AA2-B659-169B8191A0DF}.Debug|Any CPU.Build.0 = Debug|Any CPU
		{1ACCF2A1-D7A9-4AA2-B659-169B8191A0DF}.Debug|ARM.ActiveCfg = Debug|Any CPU
		{1ACCF2A1-D7A9-4AA2-B659-169B8191A0DF}.Debug|ARM.Build.0 = Debug|Any CPU
		{1ACCF2A1-D7A9-4AA2-B659-169B8191A0DF}.Debug|ARM64.ActiveCfg = Debug|Any CPU
		{1ACCF2A1-D7A9-4AA2-B659-169B8191A0DF}.Debug|ARM64.Build.0 = Debug|Any CPU
		{1ACCF2A1-D7A9-4AA2-B659-169B8191A0DF}.Debug|x64.ActiveCfg = Debug|Any CPU
		{1ACCF2A1-D7A9-4AA2-B659-169B8191A0DF}.Debug|x64.Build.0 = Debug|Any CPU
		{1ACCF2A1-D7A9-4AA2-B659-169B8191A0DF}.Debug|x86.ActiveCfg = Debug|Any CPU
		{1ACCF2A1-D7A9-4AA2-B659-169B8191A0DF}.Debug|x86.Build.0 = Debug|Any CPU
		{1ACCF2A1-D7A9-4AA2-B659-169B8191A0DF}.Release|Any CPU.ActiveCfg = Release|Any CPU
		{1ACCF2A1-D7A9-4AA2-B659-169B8191A0DF}.Release|Any CPU.Build.0 = Release|Any CPU
		{1ACCF2A1-D7A9-4AA2-B659-169B8191A0DF}.Release|ARM.ActiveCfg = Release|Any CPU
		{1ACCF2A1-D7A9-4AA2-B659-169B8191A0DF}.Release|ARM.Build.0 = Release|Any CPU
		{1ACCF2A1-D7A9-4AA2-B659-169B8191A0DF}.Release|ARM64.ActiveCfg = Release|Any CPU
		{1ACCF2A1-D7A9-4AA2-B659-169B8191A0DF}.Release|ARM64.Build.0 = Release|Any CPU
		{1ACCF2A1-D7A9-4AA2-B659-169B8191A0DF}.Release|x64.ActiveCfg = Release|Any CPU
		{1ACCF2A1-D7A9-4AA2-B659-169B8191A0DF}.Release|x64.Build.0 = Release|Any CPU
		{1ACCF2A1-D7A9-4AA2-B659-169B8191A0DF}.Release|x86.ActiveCfg = Release|Any CPU
		{1ACCF2A1-D7A9-4AA2-B659-169B8191A0DF}.Release|x86.Build.0 = Release|Any CPU
	EndGlobalSection
	GlobalSection(SolutionProperties) = preSolution
		HideSolutionNode = FALSE
	EndGlobalSection
	GlobalSection(ExtensibilityGlobals) = postSolution
		SolutionGuid = {3F7ABD13-07BD-408C-8057-92D72C037CBA}
	EndGlobalSection
EndGlobal
